# This file is generated by running "yarn install" inside your project.
# Manual changes might be lost - proceed with caution!

__metadata:
  version: 6
  cacheKey: 8

"@foxglove/crc@npm:0.0.3":
  version: 0.0.3
  resolution: "@foxglove/crc@npm:0.0.3"
  checksum: 2eee0e45780e3289c4a190fa909e5977643667e19a21b945a109977b89427b877d8e12ebf91821653d69bdb0390e58540e1c9bb906aefcc7dd818c64f131f071
  languageName: node
  linkType: hard

"dependabot-yarn-lfs-fixture@workspace:.":
  version: 0.0.0-use.local
  resolution: "dependabot-yarn-lfs-fixture@workspace:."
  dependencies:
    "@foxglove/crc": 0.0.3
  languageName: unknown
  linkType: soft
